version = 1
revision = 2
requires-python = ">=3.13"

[[package]]
name = "blackbox-pyqt6-table"
version = "0.1.0"
source = { virtual = "." }
dependencies = [
    { name = "loguru" },
    { name = "numpy" },
    { name = "openpyxl" },
    { name = "pandas" },
    { name = "pyqt6" },
    { name = "pyside2" },
]

[package.metadata]
requires-dist = [
    { name = "loguru", specifier = ">=0.7.2,<0.8" },
    { name = "numpy", specifier = "==1.26.4" },
    { name = "openpyxl", specifier = ">=3.1.5,<4" },
    { name = "pandas", specifier = ">=2.2.2,<3" },
    { name = "pyqt6", specifier = ">=6.7.0,<7" },
    { name = "pyside2", specifier = ">=5.15.2.1,<6" },
]

[[package]]
name = "colorama"
version = "0.4.6"
source = { registry = "https://pypi.org/simple" }
sdist = { url = "https://files.pythonhosted.org/packages/d8/53/6f443c9a4a8358a93a6792e2acffb9d9d5cb0a5cfd8802644b7b1c9a02e4/colorama-0.4.6.tar.gz", hash = "sha256:08695f5cb7ed6e0531a20572697297273c47b8cae5a63ffc6d6ed5c201be6e44", size = 27697, upload-time = "2022-10-25T02:36:22.414Z" }
wheels = [
    { url = "https://files.pythonhosted.org/packages/d1/d6/3965ed04c63042e047cb6a3e6ed1a63a35087b6a609aa3a15ed8ac56c221/colorama-0.4.6-py2.py3-none-any.whl", hash = "sha256:4f1d9991f5acc0ca119f9d443620b77f9d6b33703e51011c16baf57afb285fc6", size = 25335, upload-time = "2022-10-25T02:36:20.889Z" },
]

[[package]]
name = "et-xmlfile"
version = "2.0.0"
source = { registry = "https://pypi.org/simple" }
sdist = { url = "https://files.pythonhosted.org/packages/d3/38/af70d7ab1ae9d4da450eeec1fa3918940a5fafb9055e934af8d6eb0c2313/et_xmlfile-2.0.0.tar.gz", hash = "sha256:dab3f4764309081ce75662649be815c4c9081e88f0837825f90fd28317d4da54", size = 17234, upload-time = "2024-10-25T17:25:40.039Z" }
wheels = [
    { url = "https://files.pythonhosted.org/packages/c1/8b/5fe2cc11fee489817272089c4203e679c63b570a5aaeb18d852ae3cbba6a/et_xmlfile-2.0.0-py3-none-any.whl", hash = "sha256:7a91720bc756843502c3b7504c77b8fe44217c85c537d85037f0f536151b2caa", size = 18059, upload-time = "2024-10-25T17:25:39.051Z" },
]

[[package]]
name = "loguru"
version = "0.7.3"
source = { registry = "https://pypi.org/simple" }
dependencies = [
    { name = "colorama", marker = "sys_platform == 'win32'" },
    { name = "win32-setctime", marker = "sys_platform == 'win32'" },
]
sdist = { url = "https://files.pythonhosted.org/packages/3a/05/a1dae3dffd1116099471c643b8924f5aa6524411dc6c63fdae648c4f1aca/loguru-0.7.3.tar.gz", hash = "sha256:19480589e77d47b8d85b2c827ad95d49bf31b0dcde16593892eb51dd18706eb6", size = 63559, upload-time = "2024-12-06T11:20:56.608Z" }
wheels = [
    { url = "https://files.pythonhosted.org/packages/0c/29/0348de65b8cc732daa3e33e67806420b2ae89bdce2b04af740289c5c6c8c/loguru-0.7.3-py3-none-any.whl", hash = "sha256:31a33c10c8e1e10422bfd431aeb5d351c7cf7fa671e3c4df004162264b28220c", size = 61595, upload-time = "2024-12-06T11:20:54.538Z" },
]

[[package]]
name = "numpy"
version = "1.26.4"
source = { registry = "https://pypi.org/simple" }
sdist = { url = "https://files.pythonhosted.org/packages/65/6e/09db70a523a96d25e115e71cc56a6f9031e7b8cd166c1ac8438307c14058/numpy-1.26.4.tar.gz", hash = "sha256:2a02aba9ed12e4ac4eb3ea9421c420301a0c6460d9830d74a9df87efa4912010", size = 15786129, upload-time = "2024-02-06T00:26:44.495Z" }

[[package]]
name = "openpyxl"
version = "3.1.5"
source = { registry = "https://pypi.org/simple" }
dependencies = [
    { name = "et-xmlfile" },
]
sdist = { url = "https://files.pythonhosted.org/packages/3d/f9/88d94a75de065ea32619465d2f77b29a0469500e99012523b91cc4141cd1/openpyxl-3.1.5.tar.gz", hash = "sha256:cf0e3cf56142039133628b5acffe8ef0c12bc902d2aadd3e0fe5878dc08d1050", size = 186464, upload-time = "2024-06-28T14:03:44.161Z" }
wheels = [
    { url = "https://files.pythonhosted.org/packages/c0/da/977ded879c29cbd04de313843e76868e6e13408a94ed6b987245dc7c8506/openpyxl-3.1.5-py2.py3-none-any.whl", hash = "sha256:5282c12b107bffeef825f4617dc029afaf41d0ea60823bbb665ef3079dc79de2", size = 250910, upload-time = "2024-06-28T14:03:41.161Z" },
]

[[package]]
name = "pandas"
version = "2.2.3"
source = { registry = "https://pypi.org/simple" }
dependencies = [
    { name = "numpy" },
    { name = "python-dateutil" },
    { name = "pytz" },
    { name = "tzdata" },
]
sdist = { url = "https://files.pythonhosted.org/packages/9c/d6/9f8431bacc2e19dca897724cd097b1bb224a6ad5433784a44b587c7c13af/pandas-2.2.3.tar.gz", hash = "sha256:4f18ba62b61d7e192368b84517265a99b4d7ee8912f8708660fb4a366cc82667", size = 4399213, upload-time = "2024-09-20T13:10:04.827Z" }
wheels = [
    { url = "https://files.pythonhosted.org/packages/64/22/3b8f4e0ed70644e85cfdcd57454686b9057c6c38d2f74fe4b8bc2527214a/pandas-2.2.3-cp313-cp313-macosx_10_13_x86_64.whl", hash = "sha256:f00d1345d84d8c86a63e476bb4955e46458b304b9575dcf71102b5c705320015", size = 12477643, upload-time = "2024-09-20T13:09:25.522Z" },
    { url = "https://files.pythonhosted.org/packages/e4/93/b3f5d1838500e22c8d793625da672f3eec046b1a99257666c94446969282/pandas-2.2.3-cp313-cp313-macosx_11_0_arm64.whl", hash = "sha256:3508d914817e153ad359d7e069d752cdd736a247c322d932eb89e6bc84217f28", size = 11281573, upload-time = "2024-09-20T13:09:28.012Z" },
    { url = "https://files.pythonhosted.org/packages/f5/94/6c79b07f0e5aab1dcfa35a75f4817f5c4f677931d4234afcd75f0e6a66ca/pandas-2.2.3-cp313-cp313-manylinux2014_aarch64.manylinux_2_17_aarch64.whl", hash = "sha256:22a9d949bfc9a502d320aa04e5d02feab689d61da4e7764b62c30b991c42c5f0", size = 15196085, upload-time = "2024-09-20T19:02:10.451Z" },
    { url = "https://files.pythonhosted.org/packages/e8/31/aa8da88ca0eadbabd0a639788a6da13bb2ff6edbbb9f29aa786450a30a91/pandas-2.2.3-cp313-cp313-manylinux_2_17_x86_64.manylinux2014_x86_64.whl", hash = "sha256:f3a255b2c19987fbbe62a9dfd6cff7ff2aa9ccab3fc75218fd4b7530f01efa24", size = 12711809, upload-time = "2024-09-20T13:09:30.814Z" },
    { url = "https://files.pythonhosted.org/packages/ee/7c/c6dbdb0cb2a4344cacfb8de1c5808ca885b2e4dcfde8008266608f9372af/pandas-2.2.3-cp313-cp313-musllinux_1_2_aarch64.whl", hash = "sha256:800250ecdadb6d9c78eae4990da62743b857b470883fa27f652db8bdde7f6659", size = 16356316, upload-time = "2024-09-20T19:02:13.825Z" },
    { url = "https://files.pythonhosted.org/packages/57/b7/8b757e7d92023b832869fa8881a992696a0bfe2e26f72c9ae9f255988d42/pandas-2.2.3-cp313-cp313-musllinux_1_2_x86_64.whl", hash = "sha256:6374c452ff3ec675a8f46fd9ab25c4ad0ba590b71cf0656f8b6daa5202bca3fb", size = 14022055, upload-time = "2024-09-20T13:09:33.462Z" },
    { url = "https://files.pythonhosted.org/packages/3b/bc/4b18e2b8c002572c5a441a64826252ce5da2aa738855747247a971988043/pandas-2.2.3-cp313-cp313-win_amd64.whl", hash = "sha256:61c5ad4043f791b61dd4752191d9f07f0ae412515d59ba8f005832a532f8736d", size = 11481175, upload-time = "2024-09-20T13:09:35.871Z" },
    { url = "https://files.pythonhosted.org/packages/76/a3/a5d88146815e972d40d19247b2c162e88213ef51c7c25993942c39dbf41d/pandas-2.2.3-cp313-cp313t-macosx_10_13_x86_64.whl", hash = "sha256:3b71f27954685ee685317063bf13c7709a7ba74fc996b84fc6821c59b0f06468", size = 12615650, upload-time = "2024-09-20T13:09:38.685Z" },
    { url = "https://files.pythonhosted.org/packages/9c/8c/f0fd18f6140ddafc0c24122c8a964e48294acc579d47def376fef12bcb4a/pandas-2.2.3-cp313-cp313t-macosx_11_0_arm64.whl", hash = "sha256:38cf8125c40dae9d5acc10fa66af8ea6fdf760b2714ee482ca691fc66e6fcb18", size = 11290177, upload-time = "2024-09-20T13:09:41.141Z" },
    { url = "https://files.pythonhosted.org/packages/ed/f9/e995754eab9c0f14c6777401f7eece0943840b7a9fc932221c19d1abee9f/pandas-2.2.3-cp313-cp313t-manylinux2014_aarch64.manylinux_2_17_aarch64.whl", hash = "sha256:ba96630bc17c875161df3818780af30e43be9b166ce51c9a18c1feae342906c2", size = 14651526, upload-time = "2024-09-20T19:02:16.905Z" },
    { url = "https://files.pythonhosted.org/packages/25/b0/98d6ae2e1abac4f35230aa756005e8654649d305df9a28b16b9ae4353bff/pandas-2.2.3-cp313-cp313t-manylinux_2_17_x86_64.manylinux2014_x86_64.whl", hash = "sha256:1db71525a1538b30142094edb9adc10be3f3e176748cd7acc2240c2f2e5aa3a4", size = 11871013, upload-time = "2024-09-20T13:09:44.39Z" },
    { url = "https://files.pythonhosted.org/packages/cc/57/0f72a10f9db6a4628744c8e8f0df4e6e21de01212c7c981d31e50ffc8328/pandas-2.2.3-cp313-cp313t-musllinux_1_2_aarch64.whl", hash = "sha256:15c0e1e02e93116177d29ff83e8b1619c93ddc9c49083f237d4312337a61165d", size = 15711620, upload-time = "2024-09-20T19:02:20.639Z" },
    { url = "https://files.pythonhosted.org/packages/ab/5f/b38085618b950b79d2d9164a711c52b10aefc0ae6833b96f626b7021b2ed/pandas-2.2.3-cp313-cp313t-musllinux_1_2_x86_64.whl", hash = "sha256:ad5b65698ab28ed8d7f18790a0dc58005c7629f227be9ecc1072aa74c0c1d43a", size = 13098436, upload-time = "2024-09-20T13:09:48.112Z" },
]

[[package]]
name = "pyqt6"
version = "6.9.0"
source = { registry = "https://pypi.org/simple" }
dependencies = [
    { name = "pyqt6-qt6" },
    { name = "pyqt6-sip" },
]
sdist = { url = "https://files.pythonhosted.org/packages/32/de/102e8e66149085acf38bbf01df572a2cd53259bcd99b7d8ecef0d6b36172/pyqt6-6.9.0.tar.gz", hash = "sha256:6a8ff8e3cd18311bb7d937f7d741e787040ae7ff47ce751c28a94c5cddc1b4e6", size = 1066831, upload-time = "2025-04-08T09:00:46.745Z" }
wheels = [
    { url = "https://files.pythonhosted.org/packages/97/e5/f9e2b5326d6103bce4894a969be54ce3be4b0a7a6ff848228e6a61a9993f/PyQt6-6.9.0-cp39-abi3-macosx_10_14_universal2.whl", hash = "sha256:5344240747e81bde1a4e0e98d4e6e2d96ad56a985d8f36b69cd529c1ca9ff760", size = 12257215, upload-time = "2025-04-08T09:00:37.177Z" },
    { url = "https://files.pythonhosted.org/packages/ed/3a/bcc7687c5a11079bbd1606a015514562f2ac8cb01c5e3e4a3b30fcbdad36/PyQt6-6.9.0-cp39-abi3-manylinux_2_28_x86_64.whl", hash = "sha256:e344868228c71fc89a0edeb325497df4ff731a89cfa5fe57a9a4e9baecc9512b", size = 8259731, upload-time = "2025-04-08T09:00:40.082Z" },
    { url = "https://files.pythonhosted.org/packages/e1/47/13ab0b916b5bad07ab04767b412043f5c1ca206bf38a906b1d8d5c520a98/PyQt6-6.9.0-cp39-abi3-manylinux_2_39_aarch64.whl", hash = "sha256:1cbc5a282454cf19691be09eadbde019783f1ae0523e269b211b0173b67373f6", size = 8207593, upload-time = "2025-04-08T09:00:42.167Z" },
    { url = "https://files.pythonhosted.org/packages/d1/a8/955cfd880f2725a218ee7b272c005658e857e9224823d49c32c93517f6d9/PyQt6-6.9.0-cp39-abi3-win_amd64.whl", hash = "sha256:d36482000f0cd7ce84a35863766f88a5e671233d5f1024656b600cd8915b3752", size = 6748279, upload-time = "2025-04-08T09:00:43.762Z" },
    { url = "https://files.pythonhosted.org/packages/9f/38/586ce139b1673a27607f7b85c594878e1bba215abdca3de67732b463f7b2/PyQt6-6.9.0-cp39-abi3-win_arm64.whl", hash = "sha256:0c8b7251608e05b479cfe731f95857e853067459f7cbbcfe90f89de1bcf04280", size = 5478122, upload-time = "2025-04-08T09:00:45.296Z" },
]

[[package]]
name = "pyqt6-qt6"
version = "6.9.0"
source = { registry = "https://pypi.org/simple" }
wheels = [
    { url = "https://files.pythonhosted.org/packages/e2/11/8c450442bf4702ed810689a045f9c5d9236d709163886f09374fd8d84143/PyQt6_Qt6-6.9.0-py3-none-macosx_10_14_x86_64.whl", hash = "sha256:b1c4e4a78f0f22fbf88556e3d07c99e5ce93032feae5c1e575958d914612e0f9", size = 66804297, upload-time = "2025-04-08T08:51:42.258Z" },
    { url = "https://files.pythonhosted.org/packages/6e/be/191ba4402c24646f6b98c326ff0ee22e820096c69e67ba5860a687057616/PyQt6_Qt6-6.9.0-py3-none-macosx_11_0_arm64.whl", hash = "sha256:6d3875119dec6bf5f799facea362aa0ad39bb23aa9654112faa92477abccb5ff", size = 60943708, upload-time = "2025-04-08T08:51:48.156Z" },
    { url = "https://files.pythonhosted.org/packages/0f/70/ec018b6e979b3914c984e5ab7e130918930d5423735ac96c70c328227b9b/PyQt6_Qt6-6.9.0-py3-none-manylinux_2_28_x86_64.whl", hash = "sha256:9c0e603c934e4f130c110190fbf2c482ff1221a58317266570678bc02db6b152", size = 81846956, upload-time = "2025-04-08T08:51:54.582Z" },
    { url = "https://files.pythonhosted.org/packages/ac/ed/2d78cd08be415a21dac2e7277967b90b0c05afc4782100f0a037447bb1c6/PyQt6_Qt6-6.9.0-py3-none-manylinux_2_39_aarch64.whl", hash = "sha256:cf840e8ae20a0704e0343810cf0e485552db28bf09ea976e58ec0e9b7bb27fcd", size = 80295982, upload-time = "2025-04-08T08:52:00.741Z" },
    { url = "https://files.pythonhosted.org/packages/6e/24/6b6168a75c7b6a55b9f6b5c897e6164ec15e94594af11a6f358c49845442/PyQt6_Qt6-6.9.0-py3-none-win_amd64.whl", hash = "sha256:c825a6f5a9875ef04ef6681eda16aa3a9e9ad71847aa78dfafcf388c8007aa0a", size = 73652485, upload-time = "2025-04-08T08:52:07.306Z" },
    { url = "https://files.pythonhosted.org/packages/44/fd/1238931df039e46e128d53974c0cfc9d34da3d54c5662bd589fe7b0a67c2/PyQt6_Qt6-6.9.0-py3-none-win_arm64.whl", hash = "sha256:1188f118d1c570d27fba39707e3d8a48525f979816e73de0da55b9e6fa9ad0a1", size = 49568913, upload-time = "2025-04-08T08:52:12.587Z" },
]

[[package]]
name = "pyqt6-sip"
version = "13.10.0"
source = { registry = "https://pypi.org/simple" }
sdist = { url = "https://files.pythonhosted.org/packages/90/18/0405c54acba0c8e276dd6f0601890e6e735198218d031a6646104870fe22/pyqt6_sip-13.10.0.tar.gz", hash = "sha256:d6daa95a0bd315d9ec523b549e0ce97455f61ded65d5eafecd83ed2aa4ae5350", size = 92464, upload-time = "2025-02-02T17:14:05.839Z" }
wheels = [
    { url = "https://files.pythonhosted.org/packages/6b/0c/8d1de48b45b565a46bf4757341f13f9b1853a7d2e6b023700f0af2c213ab/PyQt6_sip-13.10.0-cp313-cp313-macosx_10_13_universal2.whl", hash = "sha256:7b6e250c2e7c14702a623f2cc1479d7fb8db2b6eee9697cac10d06fe79c281bb", size = 112343, upload-time = "2025-02-02T17:13:49.605Z" },
    { url = "https://files.pythonhosted.org/packages/af/13/e2cc2b667a9f5d44c2d0e18fa6e1066fca3f4521dcb301f4b5374caeb33e/PyQt6_sip-13.10.0-cp313-cp313-manylinux_2_17_aarch64.manylinux2014_aarch64.whl", hash = "sha256:0fcb30756568f8cd59290f9ef2ae5ee3e72ff9cdd61a6f80c9e3d3b95ae676be", size = 322527, upload-time = "2025-02-02T17:13:50.779Z" },
    { url = "https://files.pythonhosted.org/packages/20/1a/5c6fcae85edb65cf236c9dc6d23b279b5316e94cdca1abdee6d0a217ddbb/PyQt6_sip-13.10.0-cp313-cp313-manylinux_2_5_x86_64.manylinux1_x86_64.whl", hash = "sha256:757ac52c92b2ef0b56ecc7cd763b55a62d3c14271d7ea8d03315af85a70090ff", size = 303407, upload-time = "2025-02-02T17:13:52.733Z" },
    { url = "https://files.pythonhosted.org/packages/b9/db/6924ec985be7d746772806b96ab81d24263ef72f0249f0573a82adaed75e/PyQt6_sip-13.10.0-cp313-cp313-win_amd64.whl", hash = "sha256:571900c44a3e38738d696234d94fe2043972b9de0633505451c99e2922cb6a34", size = 53580, upload-time = "2025-02-02T17:13:54.98Z" },
    { url = "https://files.pythonhosted.org/packages/77/c3/9e44729b582ee7f1d45160e8c292723156889f3e38ce6574f88d5ab8fa02/PyQt6_sip-13.10.0-cp313-cp313-win_arm64.whl", hash = "sha256:39cba2cc71cf80a99b4dc8147b43508d4716e128f9fb99f5eb5860a37f082282", size = 45446, upload-time = "2025-02-02T17:13:57.135Z" },
]

[[package]]
name = "pyside2"
version = "5.15.2.1"
source = { registry = "https://pypi.org/simple" }
dependencies = [
    { name = "shiboken2" },
]
wheels = [
    { url = "https://files.pythonhosted.org/packages/1b/1f/194ed3a9c79abe4d8e8800112d5c19d0b9d7a1aca8b10029043bb3a083d0/PySide2-5.15.2.1-5.15.2-cp35.cp36.cp37.cp38.cp39.cp310-abi3-macosx_10_13_intel.whl", hash = "sha256:a9e2e6bbcb5d2ebb421e46e72244a0f4fe0943b2288115f80a863aacc1de1f06", size = 148464754, upload-time = "2022-01-14T07:01:02.788Z" },
    { url = "https://files.pythonhosted.org/packages/c2/9a/78ca8bada6cf4d2798e0c823c025c590517d74445837f4eb50bfddce8737/PySide2-5.15.2.1-5.15.2-cp35.cp36.cp37.cp38.cp39.cp310-abi3-manylinux1_x86_64.whl", hash = "sha256:23886c6391ebd916e835fa1b5ae66938048504fd3a2934ae3189a96cd5ac0b46", size = 164306859, upload-time = "2022-01-14T07:01:45.748Z" },
]

[[package]]
name = "python-dateutil"
version = "2.9.0.post0"
source = { registry = "https://pypi.org/simple" }
dependencies = [
    { name = "six" },
]
sdist = { url = "https://files.pythonhosted.org/packages/66/c0/0c8b6ad9f17a802ee498c46e004a0eb49bc148f2fd230864601a86dcf6db/python-dateutil-2.9.0.post0.tar.gz", hash = "sha256:37dd54208da7e1cd875388217d5e00ebd4179249f90fb72437e91a35459a0ad3", size = 342432, upload-time = "2024-03-01T18:36:20.211Z" }
wheels = [
    { url = "https://files.pythonhosted.org/packages/ec/57/56b9bcc3c9c6a792fcbaf139543cee77261f3651ca9da0c93f5c1221264b/python_dateutil-2.9.0.post0-py2.py3-none-any.whl", hash = "sha256:a8b2bc7bffae282281c8140a97d3aa9c14da0b136dfe83f850eea9a5f7470427", size = 229892, upload-time = "2024-03-01T18:36:18.57Z" },
]

[[package]]
name = "pytz"
version = "2025.2"
source = { registry = "https://pypi.org/simple" }
sdist = { url = "https://files.pythonhosted.org/packages/f8/bf/abbd3cdfb8fbc7fb3d4d38d320f2441b1e7cbe29be4f23797b4a2b5d8aac/pytz-2025.2.tar.gz", hash = "sha256:360b9e3dbb49a209c21ad61809c7fb453643e048b38924c765813546746e81c3", size = 320884, upload-time = "2025-03-25T02:25:00.538Z" }
wheels = [
    { url = "https://files.pythonhosted.org/packages/81/c4/34e93fe5f5429d7570ec1fa436f1986fb1f00c3e0f43a589fe2bbcd22c3f/pytz-2025.2-py2.py3-none-any.whl", hash = "sha256:5ddf76296dd8c44c26eb8f4b6f35488f3ccbf6fbbd7adee0b7262d43f0ec2f00", size = 509225, upload-time = "2025-03-25T02:24:58.468Z" },
]

[[package]]
name = "shiboken2"
version = "5.15.2.1"
source = { registry = "https://pypi.org/simple" }
wheels = [
    { url = "https://files.pythonhosted.org/packages/34/bb/7bad766088a8ccb6512c5d5d1520a51fcc9221b3ec371b134d14d1b269a5/shiboken2-5.15.2.1-5.15.2-cp35.cp36.cp37.cp38.cp39.cp310-abi3-macosx_10_13_intel.whl", hash = "sha256:ffd3d0ec3d508e592d7ee3885d27fee1f279a49989f734eb130f46d9501273a9", size = 958579, upload-time = "2022-01-14T07:03:10.848Z" },
    { url = "https://files.pythonhosted.org/packages/a6/0e/c1953bb08f45e0f1703e7dc153e9c94ba3042c282ebcd94cada385a9cdb3/shiboken2-5.15.2.1-5.15.2-cp35.cp36.cp37.cp38.cp39.cp310-abi3-manylinux1_x86_64.whl", hash = "sha256:63debfcc531b6a2b4985aa9b71433d2ad3bac542acffc729cc0ecaa3854390c0", size = 975428, upload-time = "2022-01-14T07:03:12.77Z" },
]

[[package]]
name = "six"
version = "1.17.0"
source = { registry = "https://pypi.org/simple" }
sdist = { url = "https://files.pythonhosted.org/packages/94/e7/b2c673351809dca68a0e064b6af791aa332cf192da575fd474ed7d6f16a2/six-1.17.0.tar.gz", hash = "sha256:ff70335d468e7eb6ec65b95b99d3a2836546063f63acc5171de367e834932a81", size = 34031, upload-time = "2024-12-04T17:35:28.174Z" }
wheels = [
    { url = "https://files.pythonhosted.org/packages/b7/ce/149a00dd41f10bc29e5921b496af8b574d8413afcd5e30dfa0ed46c2cc5e/six-1.17.0-py2.py3-none-any.whl", hash = "sha256:4721f391ed90541fddacab5acf947aa0d3dc7d27b2e1e8eda2be8970586c3274", size = 11050, upload-time = "2024-12-04T17:35:26.475Z" },
]

[[package]]
name = "tzdata"
version = "2025.2"
source = { registry = "https://pypi.org/simple" }
sdist = { url = "https://files.pythonhosted.org/packages/95/32/1a225d6164441be760d75c2c42e2780dc0873fe382da3e98a2e1e48361e5/tzdata-2025.2.tar.gz", hash = "sha256:b60a638fcc0daffadf82fe0f57e53d06bdec2f36c4df66280ae79bce6bd6f2b9", size = 196380, upload-time = "2025-03-23T13:54:43.652Z" }
wheels = [
    { url = "https://files.pythonhosted.org/packages/5c/23/c7abc0ca0a1526a0774eca151daeb8de62ec457e77262b66b359c3c7679e/tzdata-2025.2-py2.py3-none-any.whl", hash = "sha256:1a403fada01ff9221ca8044d701868fa132215d84beb92242d9acd2147f667a8", size = 347839, upload-time = "2025-03-23T13:54:41.845Z" },
]

[[package]]
name = "win32-setctime"
version = "1.2.0"
source = { registry = "https://pypi.org/simple" }
sdist = { url = "https://files.pythonhosted.org/packages/b3/8f/705086c9d734d3b663af0e9bb3d4de6578d08f46b1b101c2442fd9aecaa2/win32_setctime-1.2.0.tar.gz", hash = "sha256:ae1fdf948f5640aae05c511ade119313fb6a30d7eabe25fef9764dca5873c4c0", size = 4867, upload-time = "2024-12-07T15:28:28.314Z" }
wheels = [
    { url = "https://files.pythonhosted.org/packages/e1/07/c6fe3ad3e685340704d314d765b7912993bcb8dc198f0e7a89382d37974b/win32_setctime-1.2.0-py3-none-any.whl", hash = "sha256:95d644c4e708aba81dc3704a116d8cbc974d70b3bdb8be1d150e36be6e9d1390", size = 4083, upload-time = "2024-12-07T15:28:26.465Z" },
]
